
Microsoft Visual Studio Solution File, Format Version 12.00
# Visual Studio Version 16
VisualStudioVersion = 16.0.30011.22
MinimumVisualStudioVersion = 10.0.40219.1
Project("{8BC9CEB8-8B4A-11D0-8D11-00A0C91BC942}") = "有空头指针做参数链表", "有空头指针做参数链表\有空头指针做参数链表.vcxproj", "{FED86993-8D0F-40F5-94B1-63DC97D263F9}"
EndProject
Global
	GlobalSection(SolutionConfigurationPlatforms) = preSolution
		Debug|x64 = Debug|x64
		Debug|x86 = Debug|x86
		Release|x64 = Release|x64
		Release|x86 = Release|x86
	EndGlobalSection
	GlobalSection(ProjectConfigurationPlatforms) = postSolution
		{FED86993-8D0F-40F5-94B1-63DC97D263F9}.Debug|x64.ActiveCfg = Debug|x64
		{FED86993-8D0F-40F5-94B1-63DC97D263F9}.Debug|x64.Build.0 = Debug|x64
		{FED86993-8D0F-40F5-94B1-63DC97D263F9}.Debug|x86.ActiveCfg = Debug|Win32
		{FED86993-8D0F-40F5-94B1-63DC97D263F9}.Debug|x86.Build.0 = Debug|Win32
		{FED86993-8D0F-40F5-94B1-63DC97D263F9}.Release|x64.ActiveCfg = Release|x64
		{FED86993-8D0F-40F5-94B1-63DC97D263F9}.Release|x64.Build.0 = Release|x64
		{FED86993-8D0F-40F5-94B1-63DC97D263F9}.Release|x86.ActiveCfg = Release|Win32
		{FED86993-8D0F-40F5-94B1-63DC97D263F9}.Release|x86.Build.0 = Release|Win32
	EndGlobalSection
	GlobalSection(SolutionProperties) = preSolution
		HideSolutionNode = FALSE
	EndGlobalSection
	GlobalSection(ExtensibilityGlobals) = postSolution
		SolutionGuid = {04958EAB-0216-4C68-BAC3-5AEDD32A1ECB}
	EndGlobalSection
EndGlobal
